
Microsoft Visual Studio Solution File, Format Version 12.00
# Visual Studio Version 17
VisualStudioVersion = 17.5.33530.505
MinimumVisualStudioVersion = 10.0.40219.1
Project("{FAE04EC0-301F-11D3-BF4B-00C04F79EFBC}") = "TestIDE0073", "TestIDE0073\TestIDE0073.csproj", "{337D9F2A-6AE8-430A-9AAF-D06C2FEAE6DA}"
EndProject
Global
	GlobalSection(SolutionConfigurationPlatforms) = preSolution
		Debug|Any CPU = Debug|Any CPU
		Release|Any CPU = Release|Any CPU
	EndGlobalSection
	GlobalSection(ProjectConfigurationPlatforms) = postSolution
		{337D9F2A-6AE8-430A-9AAF-D06C2FEAE6DA}.Debug|Any CPU.ActiveCfg = Debug|Any CPU
		{337D9F2A-6AE8-430A-9AAF-D06C2FEAE6DA}.Debug|Any CPU.Build.0 = Debug|Any CPU
		{337D9F2A-6AE8-430A-9AAF-D06C2FEAE6DA}.Release|Any CPU.ActiveCfg = Release|Any CPU
		{337D9F2A-6AE8-430A-9AAF-D06C2FEAE6DA}.Release|Any CPU.Build.0 = Release|Any CPU
	EndGlobalSection
	GlobalSection(SolutionProperties) = preSolution
		HideSolutionNode = FALSE
	EndGlobalSection
	GlobalSection(ExtensibilityGlobals) = postSolution
		SolutionGuid = {F7EA5210-262E-46F6-AE1C-EF72DECA061B}
	EndGlobalSection
EndGlobal
